// !$*UTF8*$!
{
	archiveVersion = 1;
	classes = {
	};
	objectVersion = 50;
	objects = {

/* Begin PBXBuildFile section */
		6947A0D42584C87B00D76185 /* Alert+Extension.swift in Sources */ = {isa = PBXBuildFile; fileRef = 6947A0D32584C87B00D76185 /* Alert+Extension.swift */; };
		6954BF43257CCFB90014C5C3 /* APPOSApp.swift in Sources */ = {isa = PBXBuildFile; fileRef = 6954BF42257CCFB90014C5C3 /* APPOSApp.swift */; };
		6954BF45257CCFB90014C5C3 /* ContentView.swift in Sources */ = {isa = PBXBuildFile; fileRef = 6954BF44257CCFB90014C5C3 /* ContentView.swift */; };
		6954BF47257CCFBB0014C5C3 /* Assets.xcassets in Resources */ = {isa = PBXBuildFile; fileRef = 6954BF46257CCFBB0014C5C3 /* Assets.xcassets */; };
		6954BF4A257CCFBB0014C5C3 /* Preview Assets.xcassets in Resources */ = {isa = PBXBuildFile; fileRef = 6954BF49257CCFBB0014C5C3 /* Preview Assets.xcassets */; };
		6954BF55257CCFBC0014C5C3 /* APPOSTests.swift in Sources */ = {isa = PBXBuildFile; fileRef = 6954BF54257CCFBC0014C5C3 /* APPOSTests.swift */; };
		6954BF60257CCFBC0014C5C3 /* APPOSUITests.swift in Sources */ = {isa = PBXBuildFile; fileRef = 6954BF5F257CCFBC0014C5C3 /* APPOSUITests.swift */; };
		6954BF74257CD0470014C5C3 /* APIManager.swift in Sources */ = {isa = PBXBuildFile; fileRef = 6954BF73257CD0470014C5C3 /* APIManager.swift */; };
		6954BF7D257CD05E0014C5C3 /* LoginResult.swift in Sources */ = {isa = PBXBuildFile; fileRef = 6954BF79257CD05E0014C5C3 /* LoginResult.swift */; };
		6954BF7E257CD05E0014C5C3 /* Company.swift in Sources */ = {isa = PBXBuildFile; fileRef = 6954BF7A257CD05E0014C5C3 /* Company.swift */; };
		6954BF7F257CD05E0014C5C3 /* ErrorData.swift in Sources */ = {isa = PBXBuildFile; fileRef = 6954BF7B257CD05E0014C5C3 /* ErrorData.swift */; };
		6954BF80257CD05E0014C5C3 /* PaginationResult.swift in Sources */ = {isa = PBXBuildFile; fileRef = 6954BF7C257CD05E0014C5C3 /* PaginationResult.swift */; };
		6954BF86257CD09E0014C5C3 /* LoginView.swift in Sources */ = {isa = PBXBuildFile; fileRef = 6954BF85257CD09E0014C5C3 /* LoginView.swift */; };
		6954BF95257CD38D0014C5C3 /* Localizable.strings in Resources */ = {isa = PBXBuildFile; fileRef = 6954BF97257CD38D0014C5C3 /* Localizable.strings */; };
		6954BFA3257CD5E60014C5C3 /* AlertItem.swift in Sources */ = {isa = PBXBuildFile; fileRef = 6954BFA2257CD5E60014C5C3 /* AlertItem.swift */; };
		6954BFB025826BB60014C5C3 /* InputField.swift in Sources */ = {isa = PBXBuildFile; fileRef = 6954BFAF25826BB60014C5C3 /* InputField.swift */; };
		6954BFB825826DBA0014C5C3 /* Log.swift in Sources */ = {isa = PBXBuildFile; fileRef = 6954BFB725826DBA0014C5C3 /* Log.swift */; };
		6954BFC7258276900014C5C3 /* LocalizedString.swift in Sources */ = {isa = PBXBuildFile; fileRef = 6954BFC6258276900014C5C3 /* LocalizedString.swift */; };
		6954BFD2258277D70014C5C3 /* CompanyListView.swift in Sources */ = {isa = PBXBuildFile; fileRef = 6954BFD1258277D70014C5C3 /* CompanyListView.swift */; };
		6954BFD725845A560014C5C3 /* CreateCompanyView.swift in Sources */ = {isa = PBXBuildFile; fileRef = 6954BFD625845A560014C5C3 /* CreateCompanyView.swift */; };
		69A2B5412584661E00485FBE /* Blank.swift in Sources */ = {isa = PBXBuildFile; fileRef = 69A2B5402584661E00485FBE /* Blank.swift */; };
/* End PBXBuildFile section */

/* Begin PBXContainerItemProxy section */
		6954BF51257CCFBC0014C5C3 /* PBXContainerItemProxy */ = {
			isa = PBXContainerItemProxy;
			containerPortal = 6954BF37257CCFB90014C5C3 /* Project object */;
			proxyType = 1;
			remoteGlobalIDString = 6954BF3E257CCFB90014C5C3;
			remoteInfo = APPOS;
		};
		6954BF5C257CCFBC0014C5C3 /* PBXContainerItemProxy */ = {
			isa = PBXContainerItemProxy;
			containerPortal = 6954BF37257CCFB90014C5C3 /* Project object */;
			proxyType = 1;
			remoteGlobalIDString = 6954BF3E257CCFB90014C5C3;
			remoteInfo = APPOS;
		};
/* End PBXContainerItemProxy section */

/* Begin PBXFileReference section */
		6947A0D32584C87B00D76185 /* Alert+Extension.swift */ = {isa = PBXFileReference; lastKnownFileType = sourcecode.swift; path = "Alert+Extension.swift"; sourceTree = "<group>"; };
		6954BF3F257CCFB90014C5C3 /* APPOS.app */ = {isa = PBXFileReference; explicitFileType = wrapper.application; includeInIndex = 0; path = APPOS.app; sourceTree = BUILT_PRODUCTS_DIR; };
		6954BF42257CCFB90014C5C3 /* APPOSApp.swift */ = {isa = PBXFileReference; lastKnownFileType = sourcecode.swift; path = APPOSApp.swift; sourceTree = "<group>"; };
		6954BF44257CCFB90014C5C3 /* ContentView.swift */ = {isa = PBXFileReference; lastKnownFileType = sourcecode.swift; path = ContentView.swift; sourceTree = "<group>"; };
		6954BF46257CCFBB0014C5C3 /* Assets.xcassets */ = {isa = PBXFileReference; lastKnownFileType = folder.assetcatalog; path = Assets.xcassets; sourceTree = "<group>"; };
		6954BF49257CCFBB0014C5C3 /* Preview Assets.xcassets */ = {isa = PBXFileReference; lastKnownFileType = folder.assetcatalog; path = "Preview Assets.xcassets"; sourceTree = "<group>"; };
		6954BF4B257CCFBB0014C5C3 /* Info.plist */ = {isa = PBXFileReference; lastKnownFileType = text.plist.xml; path = Info.plist; sourceTree = "<group>"; };
		6954BF50257CCFBC0014C5C3 /* APPOSTests.xctest */ = {isa = PBXFileReference; explicitFileType = wrapper.cfbundle; includeInIndex = 0; path = APPOSTests.xctest; sourceTree = BUILT_PRODUCTS_DIR; };
		6954BF54257CCFBC0014C5C3 /* APPOSTests.swift */ = {isa = PBXFileReference; lastKnownFileType = sourcecode.swift; path = APPOSTests.swift; sourceTree = "<group>"; };
		6954BF56257CCFBC0014C5C3 /* Info.plist */ = {isa = PBXFileReference; lastKnownFileType = text.plist.xml; path = Info.plist; sourceTree = "<group>"; };
		6954BF5B257CCFBC0014C5C3 /* APPOSUITests.xctest */ = {isa = PBXFileReference; explicitFileType = wrapper.cfbundle; includeInIndex = 0; path = APPOSUITests.xctest; sourceTree = BUILT_PRODUCTS_DIR; };
		6954BF5F257CCFBC0014C5C3 /* APPOSUITests.swift */ = {isa = PBXFileReference; lastKnownFileType = sourcecode.swift; path = APPOSUITests.swift; sourceTree = "<group>"; };
		6954BF61257CCFBC0014C5C3 /* Info.plist */ = {isa = PBXFileReference; lastKnownFileType = text.plist.xml; path = Info.plist; sourceTree = "<group>"; };
		6954BF73257CD0470014C5C3 /* APIManager.swift */ = {isa = PBXFileReference; fileEncoding = 4; lastKnownFileType = sourcecode.swift; path = APIManager.swift; sourceTree = "<group>"; };
		6954BF79257CD05E0014C5C3 /* LoginResult.swift */ = {isa = PBXFileReference; fileEncoding = 4; lastKnownFileType = sourcecode.swift; path = LoginResult.swift; sourceTree = "<group>"; };
		6954BF7A257CD05E0014C5C3 /* Company.swift */ = {isa = PBXFileReference; fileEncoding = 4; lastKnownFileType = sourcecode.swift; path = Company.swift; sourceTree = "<group>"; };
		6954BF7B257CD05E0014C5C3 /* ErrorData.swift */ = {isa = PBXFileReference; fileEncoding = 4; lastKnownFileType = sourcecode.swift; path = ErrorData.swift; sourceTree = "<group>"; };
		6954BF7C257CD05E0014C5C3 /* PaginationResult.swift */ = {isa = PBXFileReference; fileEncoding = 4; lastKnownFileType = sourcecode.swift; path = PaginationResult.swift; sourceTree = "<group>"; };
		6954BF85257CD09E0014C5C3 /* LoginView.swift */ = {isa = PBXFileReference; lastKnownFileType = sourcecode.swift; path = LoginView.swift; sourceTree = "<group>"; };
		6954BF96257CD38D0014C5C3 /* en */ = {isa = PBXFileReference; lastKnownFileType = text.plist.strings; name = en; path = en.lproj/Localizable.strings; sourceTree = "<group>"; };
		6954BF98257CD3AB0014C5C3 /* zh-Hant */ = {isa = PBXFileReference; lastKnownFileType = text.plist.strings; name = "zh-Hant"; path = "zh-Hant.lproj/Localizable.strings"; sourceTree = "<group>"; };
		6954BFA2257CD5E60014C5C3 /* AlertItem.swift */ = {isa = PBXFileReference; lastKnownFileType = sourcecode.swift; path = AlertItem.swift; sourceTree = "<group>"; };
		6954BFAF25826BB60014C5C3 /* InputField.swift */ = {isa = PBXFileReference; lastKnownFileType = sourcecode.swift; path = InputField.swift; sourceTree = "<group>"; };
		6954BFB725826DBA0014C5C3 /* Log.swift */ = {isa = PBXFileReference; fileEncoding = 4; lastKnownFileType = sourcecode.swift; path = Log.swift; sourceTree = "<group>"; };
		6954BFC6258276900014C5C3 /* LocalizedString.swift */ = {isa = PBXFileReference; lastKnownFileType = sourcecode.swift; path = LocalizedString.swift; sourceTree = "<group>"; };
		6954BFD1258277D70014C5C3 /* CompanyListView.swift */ = {isa = PBXFileReference; lastKnownFileType = sourcecode.swift; path = CompanyListView.swift; sourceTree = "<group>"; };
		6954BFD625845A560014C5C3 /* CreateCompanyView.swift */ = {isa = PBXFileReference; lastKnownFileType = sourcecode.swift; path = CreateCompanyView.swift; sourceTree = "<group>"; };
		69A2B5402584661E00485FBE /* Blank.swift */ = {isa = PBXFileReference; lastKnownFileType = sourcecode.swift; path = Blank.swift; sourceTree = "<group>"; };
/* End PBXFileReference section */

/* Begin PBXFrameworksBuildPhase section */
		6954BF3C257CCFB90014C5C3 /* Frameworks */ = {
			isa = PBXFrameworksBuildPhase;
			buildActionMask = 2147483647;
			files = (
			);
			runOnlyForDeploymentPostprocessing = 0;
		};
		6954BF4D257CCFBC0014C5C3 /* Frameworks */ = {
			isa = PBXFrameworksBuildPhase;
			buildActionMask = 2147483647;
			files = (
			);
			runOnlyForDeploymentPostprocessing = 0;
		};
		6954BF58257CCFBC0014C5C3 /* Frameworks */ = {
			isa = PBXFrameworksBuildPhase;
			buildActionMask = 2147483647;
			files = (
			);
			runOnlyForDeploymentPostprocessing = 0;
		};
/* End PBXFrameworksBuildPhase section */

/* Begin PBXGroup section */
		6954BF36257CCFB90014C5C3 = {
			isa = PBXGroup;
			children = (
				6954BF41257CCFB90014C5C3 /* APPOS */,
				6954BF53257CCFBC0014C5C3 /* APPOSTests */,
				6954BF5E257CCFBC0014C5C3 /* APPOSUITests */,
				6954BF40257CCFB90014C5C3 /* Products */,
			);
			sourceTree = "<group>";
		};
		6954BF40257CCFB90014C5C3 /* Products */ = {
			isa = PBXGroup;
			children = (
				6954BF3F257CCFB90014C5C3 /* APPOS.app */,
				6954BF50257CCFBC0014C5C3 /* APPOSTests.xctest */,
				6954BF5B257CCFBC0014C5C3 /* APPOSUITests.xctest */,
			);
			name = Products;
			sourceTree = "<group>";
		};
		6954BF41257CCFB90014C5C3 /* APPOS */ = {
			isa = PBXGroup;
			children = (
				6954BF42257CCFB90014C5C3 /* APPOSApp.swift */,
				6954BF44257CCFB90014C5C3 /* ContentView.swift */,
				6954BF46257CCFBB0014C5C3 /* Assets.xcassets */,
				6954BF4B257CCFBB0014C5C3 /* Info.plist */,
				6954BF97257CD38D0014C5C3 /* Localizable.strings */,
				6954BF78257CD0520014C5C3 /* Model */,
				6954BF84257CD0910014C5C3 /* View */,
				6954BF99257CD3E00014C5C3 /* Extension */,
				6954BFBC258276530014C5C3 /* GlobalObject */,
				6954BF48257CCFBB0014C5C3 /* Preview Content */,
			);
			path = APPOS;
			sourceTree = "<group>";
		};
		6954BF48257CCFBB0014C5C3 /* Preview Content */ = {
			isa = PBXGroup;
			children = (
				6954BF49257CCFBB0014C5C3 /* Preview Assets.xcassets */,
			);
			path = "Preview Content";
			sourceTree = "<group>";
		};
		6954BF53257CCFBC0014C5C3 /* APPOSTests */ = {
			isa = PBXGroup;
			children = (
				6954BF54257CCFBC0014C5C3 /* APPOSTests.swift */,
				6954BF56257CCFBC0014C5C3 /* Info.plist */,
			);
			path = APPOSTests;
			sourceTree = "<group>";
		};
		6954BF5E257CCFBC0014C5C3 /* APPOSUITests */ = {
			isa = PBXGroup;
			children = (
				6954BF5F257CCFBC0014C5C3 /* APPOSUITests.swift */,
				6954BF61257CCFBC0014C5C3 /* Info.plist */,
			);
			path = APPOSUITests;
			sourceTree = "<group>";
		};
		6954BF78257CD0520014C5C3 /* Model */ = {
			isa = PBXGroup;
			children = (
				6954BFA2257CD5E60014C5C3 /* AlertItem.swift */,
				69A2B5402584661E00485FBE /* Blank.swift */,
				6954BF7A257CD05E0014C5C3 /* Company.swift */,
				6954BF7B257CD05E0014C5C3 /* ErrorData.swift */,
				6954BF79257CD05E0014C5C3 /* LoginResult.swift */,
				6954BF7C257CD05E0014C5C3 /* PaginationResult.swift */,
			);
			path = Model;
			sourceTree = "<group>";
		};
		6954BF84257CD0910014C5C3 /* View */ = {
			isa = PBXGroup;
			children = (
				6954BF85257CD09E0014C5C3 /* LoginView.swift */,
				6954BFD1258277D70014C5C3 /* CompanyListView.swift */,
				6954BFD625845A560014C5C3 /* CreateCompanyView.swift */,
			);
			path = View;
			sourceTree = "<group>";
		};
		6954BF99257CD3E00014C5C3 /* Extension */ = {
			isa = PBXGroup;
			children = (
				6947A0D32584C87B00D76185 /* Alert+Extension.swift */,
			);
			path = Extension;
			sourceTree = "<group>";
		};
		6954BFBC258276530014C5C3 /* GlobalObject */ = {
			isa = PBXGroup;
			children = (
				6954BF73257CD0470014C5C3 /* APIManager.swift */,
				6954BFAF25826BB60014C5C3 /* InputField.swift */,
				6954BFC6258276900014C5C3 /* LocalizedString.swift */,
				6954BFB725826DBA0014C5C3 /* Log.swift */,
			);
			path = GlobalObject;
			sourceTree = "<group>";
		};
/* End PBXGroup section */

/* Begin PBXNativeTarget section */
		6954BF3E257CCFB90014C5C3 /* APPOS */ = {
			isa = PBXNativeTarget;
			buildConfigurationList = 6954BF64257CCFBC0014C5C3 /* Build configuration list for PBXNativeTarget "APPOS" */;
			buildPhases = (
				6954BF3B257CCFB90014C5C3 /* Sources */,
				6954BF3C257CCFB90014C5C3 /* Frameworks */,
				6954BF3D257CCFB90014C5C3 /* Resources */,
			);
			buildRules = (
			);
			dependencies = (
			);
			name = APPOS;
			productName = APPOS;
			productReference = 6954BF3F257CCFB90014C5C3 /* APPOS.app */;
			productType = "com.apple.product-type.application";
		};
		6954BF4F257CCFBC0014C5C3 /* APPOSTests */ = {
			isa = PBXNativeTarget;
			buildConfigurationList = 6954BF67257CCFBC0014C5C3 /* Build configuration list for PBXNativeTarget "APPOSTests" */;
			buildPhases = (
				6954BF4C257CCFBC0014C5C3 /* Sources */,
				6954BF4D257CCFBC0014C5C3 /* Frameworks */,
				6954BF4E257CCFBC0014C5C3 /* Resources */,
			);
			buildRules = (
			);
			dependencies = (
				6954BF52257CCFBC0014C5C3 /* PBXTargetDependency */,
			);
			name = APPOSTests;
			productName = APPOSTests;
			productReference = 6954BF50257CCFBC0014C5C3 /* APPOSTests.xctest */;
			productType = "com.apple.product-type.bundle.unit-test";
		};
		6954BF5A257CCFBC0014C5C3 /* APPOSUITests */ = {
			isa = PBXNativeTarget;
			buildConfigurationList = 6954BF6A257CCFBC0014C5C3 /* Build configuration list for PBXNativeTarget "APPOSUITests" */;
			buildPhases = (
				6954BF57257CCFBC0014C5C3 /* Sources */,
				6954BF58257CCFBC0014C5C3 /* Frameworks */,
				6954BF59257CCFBC0014C5C3 /* Resources */,
			);
			buildRules = (
			);
			dependencies = (
				6954BF5D257CCFBC0014C5C3 /* PBXTargetDependency */,
			);
			name = APPOSUITests;
			productName = APPOSUITests;
			productReference = 6954BF5B257CCFBC0014C5C3 /* APPOSUITests.xctest */;
			productType = "com.apple.product-type.bundle.ui-testing";
		};
/* End PBXNativeTarget section */

/* Begin PBXProject section */
		6954BF37257CCFB90014C5C3 /* Project object */ = {
			isa = PBXProject;
			attributes = {
				LastSwiftUpdateCheck = 1220;
				LastUpgradeCheck = 1220;
				TargetAttributes = {
					6954BF3E257CCFB90014C5C3 = {
						CreatedOnToolsVersion = 12.2;
					};
					6954BF4F257CCFBC0014C5C3 = {
						CreatedOnToolsVersion = 12.2;
						TestTargetID = 6954BF3E257CCFB90014C5C3;
					};
					6954BF5A257CCFBC0014C5C3 = {
						CreatedOnToolsVersion = 12.2;
						TestTargetID = 6954BF3E257CCFB90014C5C3;
					};
				};
			};
			buildConfigurationList = 6954BF3A257CCFB90014C5C3 /* Build configuration list for PBXProject "APPOS" */;
			compatibilityVersion = "Xcode 9.3";
			developmentRegion = en;
			hasScannedForEncodings = 0;
			knownRegions = (
				en,
				Base,
				"zh-Hant",
			);
			mainGroup = 6954BF36257CCFB90014C5C3;
			productRefGroup = 6954BF40257CCFB90014C5C3 /* Products */;
			projectDirPath = "";
			projectRoot = "";
			targets = (
				6954BF3E257CCFB90014C5C3 /* APPOS */,
				6954BF4F257CCFBC0014C5C3 /* APPOSTests */,
				6954BF5A257CCFBC0014C5C3 /* APPOSUITests */,
			);
		};
/* End PBXProject section */

/* Begin PBXResourcesBuildPhase section */
		6954BF3D257CCFB90014C5C3 /* Resources */ = {
			isa = PBXResourcesBuildPhase;
			buildActionMask = 2147483647;
			files = (
				6954BF4A257CCFBB0014C5C3 /* Preview Assets.xcassets in Resources */,
				6954BF95257CD38D0014C5C3 /* Localizable.strings in Resources */,
				6954BF47257CCFBB0014C5C3 /* Assets.xcassets in Resources */,
			);
			runOnlyForDeploymentPostprocessing = 0;
		};
		6954BF4E257CCFBC0014C5C3 /* Resources */ = {
			isa = PBXResourcesBuildPhase;
			buildActionMask = 2147483647;
			files = (
			);
			runOnlyForDeploymentPostprocessing = 0;
		};
		6954BF59257CCFBC0014C5C3 /* Resources */ = {
			isa = PBXResourcesBuildPhase;
			buildActionMask = 2147483647;
			files = (
			);
			runOnlyForDeploymentPostprocessing = 0;
		};
/* End PBXResourcesBuildPhase section */

/* Begin PBXSourcesBuildPhase section */
		6954BF3B257CCFB90014C5C3 /* Sources */ = {
			isa = PBXSourcesBuildPhase;
			buildActionMask = 2147483647;
			files = (
				6947A0D42584C87B00D76185 /* Alert+Extension.swift in Sources */,
				6954BF7F257CD05E0014C5C3 /* ErrorData.swift in Sources */,
				6954BFC7258276900014C5C3 /* LocalizedString.swift in Sources */,
				6954BFB025826BB60014C5C3 /* InputField.swift in Sources */,
				69A2B5412584661E00485FBE /* Blank.swift in Sources */,
				6954BFB825826DBA0014C5C3 /* Log.swift in Sources */,
				6954BF7D257CD05E0014C5C3 /* LoginResult.swift in Sources */,
				6954BFA3257CD5E60014C5C3 /* AlertItem.swift in Sources */,
				6954BFD2258277D70014C5C3 /* CompanyListView.swift in Sources */,
				6954BF80257CD05E0014C5C3 /* PaginationResult.swift in Sources */,
				6954BFD725845A560014C5C3 /* CreateCompanyView.swift in Sources */,
				6954BF74257CD0470014C5C3 /* APIManager.swift in Sources */,
				6954BF45257CCFB90014C5C3 /* ContentView.swift in Sources */,
				6954BF7E257CD05E0014C5C3 /* Company.swift in Sources */,
				6954BF86257CD09E0014C5C3 /* LoginView.swift in Sources */,
				6954BF43257CCFB90014C5C3 /* APPOSApp.swift in Sources */,
			);
			runOnlyForDeploymentPostprocessing = 0;
		};
		6954BF4C257CCFBC0014C5C3 /* Sources */ = {
			isa = PBXSourcesBuildPhase;
			buildActionMask = 2147483647;
			files = (
				6954BF55257CCFBC0014C5C3 /* APPOSTests.swift in Sources */,
			);
			runOnlyForDeploymentPostprocessing = 0;
		};
		6954BF57257CCFBC0014C5C3 /* Sources */ = {
			isa = PBXSourcesBuildPhase;
			buildActionMask = 2147483647;
			files = (
				6954BF60257CCFBC0014C5C3 /* APPOSUITests.swift in Sources */,
			);
			runOnlyForDeploymentPostprocessing = 0;
		};
/* End PBXSourcesBuildPhase section */

/* Begin PBXTargetDependency section */
		6954BF52257CCFBC0014C5C3 /* PBXTargetDependency */ = {
			isa = PBXTargetDependency;
			target = 6954BF3E257CCFB90014C5C3 /* APPOS */;
			targetProxy = 6954BF51257CCFBC0014C5C3 /* PBXContainerItemProxy */;
		};
		6954BF5D257CCFBC0014C5C3 /* PBXTargetDependency */ = {
			isa = PBXTargetDependency;
			target = 6954BF3E257CCFB90014C5C3 /* APPOS */;
			targetProxy = 6954BF5C257CCFBC0014C5C3 /* PBXContainerItemProxy */;
		};
/* End PBXTargetDependency section */

/* Begin PBXVariantGroup section */
		6954BF97257CD38D0014C5C3 /* Localizable.strings */ = {
			isa = PBXVariantGroup;
			children = (
				6954BF96257CD38D0014C5C3 /* en */,
				6954BF98257CD3AB0014C5C3 /* zh-Hant */,
			);
			name = Localizable.strings;
			sourceTree = "<group>";
		};
/* End PBXVariantGroup section */

/* Begin XCBuildConfiguration section */
		6954BF62257CCFBC0014C5C3 /* Debug */ = {
			isa = XCBuildConfiguration;
			buildSettings = {
				ALWAYS_SEARCH_USER_PATHS = NO;
				CLANG_ANALYZER_NONNULL = YES;
				CLANG_ANALYZER_NUMBER_OBJECT_CONVERSION = YES_AGGRESSIVE;
				CLANG_CXX_LANGUAGE_STANDARD = "gnu++14";
				CLANG_CXX_LIBRARY = "libc++";
				CLANG_ENABLE_MODULES = YES;
				CLANG_ENABLE_OBJC_ARC = YES;
				CLANG_ENABLE_OBJC_WEAK = YES;
				CLANG_WARN_BLOCK_CAPTURE_AUTORELEASING = YES;
				CLANG_WARN_BOOL_CONVERSION = YES;
				CLANG_WARN_COMMA = YES;
				CLANG_WARN_CONSTANT_CONVERSION = YES;
				CLANG_WARN_DEPRECATED_OBJC_IMPLEMENTATIONS = YES;
				CLANG_WARN_DIRECT_OBJC_ISA_USAGE = YES_ERROR;
				CLANG_WARN_DOCUMENTATION_COMMENTS = YES;
				CLANG_WARN_EMPTY_BODY = YES;
				CLANG_WARN_ENUM_CONVERSION = YES;
				CLANG_WARN_INFINITE_RECURSION = YES;
				CLANG_WARN_INT_CONVERSION = YES;
				CLANG_WARN_NON_LITERAL_NULL_CONVERSION = YES;
				CLANG_WARN_OBJC_IMPLICIT_RETAIN_SELF = YES;
				CLANG_WARN_OBJC_LITERAL_CONVERSION = YES;
				CLANG_WARN_OBJC_ROOT_CLASS = YES_ERROR;
				CLANG_WARN_QUOTED_INCLUDE_IN_FRAMEWORK_HEADER = YES;
				CLANG_WARN_RANGE_LOOP_ANALYSIS = YES;
				CLANG_WARN_STRICT_PROTOTYPES = YES;
				CLANG_WARN_SUSPICIOUS_MOVE = YES;
				CLANG_WARN_UNGUARDED_AVAILABILITY = YES_AGGRESSIVE;
				CLANG_WARN_UNREACHABLE_CODE = YES;
				CLANG_WARN__DUPLICATE_METHOD_MATCH = YES;
				COPY_PHASE_STRIP = NO;
				DEBUG_INFORMATION_FORMAT = dwarf;
				ENABLE_STRICT_OBJC_MSGSEND = YES;
				ENABLE_TESTABILITY = YES;
				GCC_C_LANGUAGE_STANDARD = gnu11;
				GCC_DYNAMIC_NO_PIC = NO;
				GCC_NO_COMMON_BLOCKS = YES;
				GCC_OPTIMIZATION_LEVEL = 0;
				GCC_PREPROCESSOR_DEFINITIONS = (
					"DEBUG=1",
					"$(inherited)",
				);
				GCC_WARN_64_TO_32_BIT_CONVERSION = YES;
				GCC_WARN_ABOUT_RETURN_TYPE = YES_ERROR;
				GCC_WARN_UNDECLARED_SELECTOR = YES;
				GCC_WARN_UNINITIALIZED_AUTOS = YES_AGGRESSIVE;
				GCC_WARN_UNUSED_FUNCTION = YES;
				GCC_WARN_UNUSED_VARIABLE = YES;
				IPHONEOS_DEPLOYMENT_TARGET = 14.2;
				MTL_ENABLE_DEBUG_INFO = INCLUDE_SOURCE;
				MTL_FAST_MATH = YES;
				ONLY_ACTIVE_ARCH = YES;
				SDKROOT = iphoneos;
				SWIFT_ACTIVE_COMPILATION_CONDITIONS = DEBUG;
				SWIFT_OPTIMIZATION_LEVEL = "-Onone";
			};
			name = Debug;
		};
		6954BF63257CCFBC0014C5C3 /* Release */ = {
			isa = XCBuildConfiguration;
			buildSettings = {
				ALWAYS_SEARCH_USER_PATHS = NO;
				CLANG_ANALYZER_NONNULL = YES;
				CLANG_ANALYZER_NUMBER_OBJECT_CONVERSION = YES_AGGRESSIVE;
				CLANG_CXX_LANGUAGE_STANDARD = "gnu++14";
				CLANG_CXX_LIBRARY = "libc++";
				CLANG_ENABLE_MODULES = YES;
				CLANG_ENABLE_OBJC_ARC = YES;
				CLANG_ENABLE_OBJC_WEAK = YES;
				CLANG_WARN_BLOCK_CAPTURE_AUTORELEASING = YES;
				CLANG_WARN_BOOL_CONVERSION = YES;
				CLANG_WARN_COMMA = YES;
				CLANG_WARN_CONSTANT_CONVERSION = YES;
				CLANG_WARN_DEPRECATED_OBJC_IMPLEMENTATIONS = YES;
				CLANG_WARN_DIRECT_OBJC_ISA_USAGE = YES_ERROR;
				CLANG_WARN_DOCUMENTATION_COMMENTS = YES;
				CLANG_WARN_EMPTY_BODY = YES;
				CLANG_WARN_ENUM_CONVERSION = YES;
				CLANG_WARN_INFINITE_RECURSION = YES;
				CLANG_WARN_INT_CONVERSION = YES;
				CLANG_WARN_NON_LITERAL_NULL_CONVERSION = YES;
				CLANG_WARN_OBJC_IMPLICIT_RETAIN_SELF = YES;
				CLANG_WARN_OBJC_LITERAL_CONVERSION = YES;
				CLANG_WARN_OBJC_ROOT_CLASS = YES_ERROR;
				CLANG_WARN_QUOTED_INCLUDE_IN_FRAMEWORK_HEADER = YES;
				CLANG_WARN_RANGE_LOOP_ANALYSIS = YES;
				CLANG_WARN_STRICT_PROTOTYPES = YES;
				CLANG_WARN_SUSPICIOUS_MOVE = YES;
				CLANG_WARN_UNGUARDED_AVAILABILITY = YES_AGGRESSIVE;
				CLANG_WARN_UNREACHABLE_CODE = YES;
				CLANG_WARN__DUPLICATE_METHOD_MATCH = YES;
				COPY_PHASE_STRIP = NO;
				DEBUG_INFORMATION_FORMAT = "dwarf-with-dsym";
				ENABLE_NS_ASSERTIONS = NO;
				ENABLE_STRICT_OBJC_MSGSEND = YES;
				GCC_C_LANGUAGE_STANDARD = gnu11;
				GCC_NO_COMMON_BLOCKS = YES;
				GCC_WARN_64_TO_32_BIT_CONVERSION = YES;
				GCC_WARN_ABOUT_RETURN_TYPE = YES_ERROR;
				GCC_WARN_UNDECLARED_SELECTOR = YES;
				GCC_WARN_UNINITIALIZED_AUTOS = YES_AGGRESSIVE;
				GCC_WARN_UNUSED_FUNCTION = YES;
				GCC_WARN_UNUSED_VARIABLE = YES;
				IPHONEOS_DEPLOYMENT_TARGET = 14.2;
				MTL_ENABLE_DEBUG_INFO = NO;
				MTL_FAST_MATH = YES;
				SDKROOT = iphoneos;
				SWIFT_COMPILATION_MODE = wholemodule;
				SWIFT_OPTIMIZATION_LEVEL = "-O";
				VALIDATE_PRODUCT = YES;
			};
			name = Release;
		};
		6954BF65257CCFBC0014C5C3 /* Debug */ = {
			isa = XCBuildConfiguration;
			buildSettings = {
				ASSETCATALOG_COMPILER_APPICON_NAME = AppIcon;
				ASSETCATALOG_COMPILER_GLOBAL_ACCENT_COLOR_NAME = AccentColor;
				CODE_SIGN_STYLE = Automatic;
				DEVELOPMENT_ASSET_PATHS = "\"APPOS/Preview Content\"";
				DEVELOPMENT_TEAM = MJG9624G6B;
				ENABLE_PREVIEWS = YES;
				INFOPLIST_FILE = APPOS/Info.plist;
				IPHONEOS_DEPLOYMENT_TARGET = 14.0;
				LD_RUNPATH_SEARCH_PATHS = (
					"$(inherited)",
					"@executable_path/Frameworks",
				);
				PRODUCT_BUNDLE_IDENTIFIER = jayisa.APPOS;
				PRODUCT_NAME = "$(TARGET_NAME)";
				SWIFT_VERSION = 5.0;
				TARGETED_DEVICE_FAMILY = "1,2";
			};
			name = Debug;
		};
		6954BF66257CCFBC0014C5C3 /* Release */ = {
			isa = XCBuildConfiguration;
			buildSettings = {
				ASSETCATALOG_COMPILER_APPICON_NAME = AppIcon;
				ASSETCATALOG_COMPILER_GLOBAL_ACCENT_COLOR_NAME = AccentColor;
				CODE_SIGN_STYLE = Automatic;
				DEVELOPMENT_ASSET_PATHS = "\"APPOS/Preview Content\"";
				DEVELOPMENT_TEAM = MJG9624G6B;
				ENABLE_PREVIEWS = YES;
				INFOPLIST_FILE = APPOS/Info.plist;
				IPHONEOS_DEPLOYMENT_TARGET = 14.0;
				LD_RUNPATH_SEARCH_PATHS = (
					"$(inherited)",
					"@executable_path/Frameworks",
				);
				PRODUCT_BUNDLE_IDENTIFIER = jayisa.APPOS;
				PRODUCT_NAME = "$(TARGET_NAME)";
				SWIFT_VERSION = 5.0;
				TARGETED_DEVICE_FAMILY = "1,2";
			};
			name = Release;
		};
		6954BF68257CCFBC0014C5C3 /* Debug */ = {
			isa = XCBuildConfiguration;
			buildSettings = {
				ALWAYS_EMBED_SWIFT_STANDARD_LIBRARIES = YES;
				BUNDLE_LOADER = "$(TEST_HOST)";
				CODE_SIGN_STYLE = Automatic;
				DEVELOPMENT_TEAM = MJG9624G6B;
				INFOPLIST_FILE = APPOSTests/Info.plist;
				IPHONEOS_DEPLOYMENT_TARGET = 14.0;
				LD_RUNPATH_SEARCH_PATHS = (
					"$(inherited)",
					"@executable_path/Frameworks",
					"@loader_path/Frameworks",
				);
				PRODUCT_BUNDLE_IDENTIFIER = jayisa.APPOSTests;
				PRODUCT_NAME = "$(TARGET_NAME)";
				SWIFT_VERSION = 5.0;
				TARGETED_DEVICE_FAMILY = "1,2";
				TEST_HOST = "$(BUILT_PRODUCTS_DIR)/APPOS.app/APPOS";
			};
			name = Debug;
		};
		6954BF69257CCFBC0014C5C3 /* Release */ = {
			isa = XCBuildConfiguration;
			buildSettings = {
				ALWAYS_EMBED_SWIFT_STANDARD_LIBRARIES = YES;
				BUNDLE_LOADER = "$(TEST_HOST)";
				CODE_SIGN_STYLE = Automatic;
				DEVELOPMENT_TEAM = MJG9624G6B;
				INFOPLIST_FILE = APPOSTests/Info.plist;
				IPHONEOS_DEPLOYMENT_TARGET = 14.0;
				LD_RUNPATH_SEARCH_PATHS = (
					"$(inherited)",
					"@executable_path/Frameworks",
					"@loader_path/Frameworks",
				);
				PRODUCT_BUNDLE_IDENTIFIER = jayisa.APPOSTests;
				PRODUCT_NAME = "$(TARGET_NAME)";
				SWIFT_VERSION = 5.0;
				TARGETED_DEVICE_FAMILY = "1,2";
				TEST_HOST = "$(BUILT_PRODUCTS_DIR)/APPOS.app/APPOS";
			};
			name = Release;
		};
		6954BF6B257CCFBC0014C5C3 /* Debug */ = {
			isa = XCBuildConfiguration;
			buildSettings = {
				ALWAYS_EMBED_SWIFT_STANDARD_LIBRARIES = YES;
				CODE_SIGN_STYLE = Automatic;
				DEVELOPMENT_TEAM = MJG9624G6B;
				INFOPLIST_FILE = APPOSUITests/Info.plist;
				LD_RUNPATH_SEARCH_PATHS = (
					"$(inherited)",
					"@executable_path/Frameworks",
					"@loader_path/Frameworks",
				);
				PRODUCT_BUNDLE_IDENTIFIER = jayisa.APPOSUITests;
				PRODUCT_NAME = "$(TARGET_NAME)";
				SWIFT_VERSION = 5.0;
				TARGETED_DEVICE_FAMILY = "1,2";
				TEST_TARGET_NAME = APPOS;
			};
			name = Debug;
		};
		6954BF6C257CCFBC0014C5C3 /* Release */ = {
			isa = XCBuildConfiguration;
			buildSettings = {
				ALWAYS_EMBED_SWIFT_STANDARD_LIBRARIES = YES;
				CODE_SIGN_STYLE = Automatic;
				DEVELOPMENT_TEAM = MJG9624G6B;
				INFOPLIST_FILE = APPOSUITests/Info.plist;
				LD_RUNPATH_SEARCH_PATHS = (
					"$(inherited)",
					"@executable_path/Frameworks",
					"@loader_path/Frameworks",
				);
				PRODUCT_BUNDLE_IDENTIFIER = jayisa.APPOSUITests;
				PRODUCT_NAME = "$(TARGET_NAME)";
				SWIFT_VERSION = 5.0;
				TARGETED_DEVICE_FAMILY = "1,2";
				TEST_TARGET_NAME = APPOS;
			};
			name = Release;
		};
/* End XCBuildConfiguration section */

/* Begin XCConfigurationList section */
		6954BF3A257CCFB90014C5C3 /* Build configuration list for PBXProject "APPOS" */ = {
			isa = XCConfigurationList;
			buildConfigurations = (
				6954BF62257CCFBC0014C5C3 /* Debug */,
				6954BF63257CCFBC0014C5C3 /* Release */,
			);
			defaultConfigurationIsVisible = 0;
			defaultConfigurationName = Release;
		};
		6954BF64257CCFBC0014C5C3 /* Build configuration list for PBXNativeTarget "APPOS" */ = {
			isa = XCConfigurationList;
			buildConfigurations = (
				6954BF65257CCFBC0014C5C3 /* Debug */,
				6954BF66257CCFBC0014C5C3 /* Release */,
			);
			defaultConfigurationIsVisible = 0;
			defaultConfigurationName = Release;
		};
		6954BF67257CCFBC0014C5C3 /* Build configuration list for PBXNativeTarget "APPOSTests" */ = {
			isa = XCConfigurationList;
			buildConfigurations = (
				6954BF68257CCFBC0014C5C3 /* Debug */,
				6954BF69257CCFBC0014C5C3 /* Release */,
			);
			defaultConfigurationIsVisible = 0;
			defaultConfigurationName = Release;
		};
		6954BF6A257CCFBC0014C5C3 /* Build configuration list for PBXNativeTarget "APPOSUITests" */ = {
			isa = XCConfigurationList;
			buildConfigurations = (
				6954BF6B257CCFBC0014C5C3 /* Debug */,
				6954BF6C257CCFBC0014C5C3 /* Release */,
			);
			defaultConfigurationIsVisible = 0;
			defaultConfigurationName = Release;
		};
/* End XCConfigurationList section */
	};
	rootObject = 6954BF37257CCFB90014C5C3 /* Project object */;
}
