{
  "object": {
    "pins": [
      {
        "package": "JWStatusHUD",
        "repositoryURL": "https://github.com/jexwang/JWStatusHUD.git",
        "state": {
          "branch": null,
          "revision": "958bff66e53bc5d714ccf35fd98e636dc505d37b",
          "version": "0.1.2"
        }
      }
    ]
  },
  "version": 1
}
